
Microsoft Visual Studio Solution File, Format Version 10.00
# Visual Studio 2008
Project("{FAE04EC0-301F-11D3-BF4B-00C04F79EFBC}") = "SharpShooting.Net.Tests", "SharpShooting.Net.Tests\SharpShooting.Net.Tests.csproj", "{D5B72F83-8797-4375-B367-32A77E8CB23B}"
EndProject
Project("{2150E333-8FDC-42A3-9474-1A3956D46DE8}") = "Solution Items", "Solution Items", "{F25FE729-14B4-408B-BBF9-D4FFAC49EE0B}"
	ProjectSection(SolutionItems) = preProject
		LocalTestRun.testrunconfig = LocalTestRun.testrunconfig
		wcf-client.vsmdi = wcf-client.vsmdi
	EndProjectSection
EndProject
Global
	GlobalSection(TestCaseManagementSettings) = postSolution
		CategoryFile = wcf-client.vsmdi
	EndGlobalSection
	GlobalSection(SolutionConfigurationPlatforms) = preSolution
		Debug|Any CPU = Debug|Any CPU
		Release|Any CPU = Release|Any CPU
	EndGlobalSection
	GlobalSection(ProjectConfigurationPlatforms) = postSolution
		{D5B72F83-8797-4375-B367-32A77E8CB23B}.Debug|Any CPU.ActiveCfg = Debug|Any CPU
		{D5B72F83-8797-4375-B367-32A77E8CB23B}.Debug|Any CPU.Build.0 = Debug|Any CPU
		{D5B72F83-8797-4375-B367-32A77E8CB23B}.Release|Any CPU.ActiveCfg = Release|Any CPU
		{D5B72F83-8797-4375-B367-32A77E8CB23B}.Release|Any CPU.Build.0 = Release|Any CPU
	EndGlobalSection
	GlobalSection(SolutionProperties) = preSolution
		HideSolutionNode = FALSE
	EndGlobalSection
EndGlobal
